
Microsoft Visual Studio Solution File, Format Version 12.00
# Visual Studio Version 16
VisualStudioVersion = 16.0.30320.27
MinimumVisualStudioVersion = 10.0.40219.1
Project("{FAE04EC0-301F-11D3-BF4B-00C04F79EFBC}") = "BilgeAdam.Api.Pokemon", "BilgeAdam.Api.Pokemon\BilgeAdam.Api.Pokemon.csproj", "{2497B547-06C0-4ADD-8F53-6A15D823A965}"
EndProject
Project("{FAE04EC0-301F-11D3-BF4B-00C04F79EFBC}") = "BilgeAdam.Api.Client", "BilgeAdam.Api.Client\BilgeAdam.Api.Client.csproj", "{1E609012-305B-40BA-B1AA-4561F49493F5}"
EndProject
Project("{FAE04EC0-301F-11D3-BF4B-00C04F79EFBC}") = "BilgeAdam.Api.Contracts", "BilgeAdam.Api.Contracts\BilgeAdam.Api.Contracts.csproj", "{1A60A870-90B1-4C96-92D7-D0CACBE0729D}"
EndProject
Global
	GlobalSection(SolutionConfigurationPlatforms) = preSolution
		Debug|Any CPU = Debug|Any CPU
		Release|Any CPU = Release|Any CPU
	EndGlobalSection
	GlobalSection(ProjectConfigurationPlatforms) = postSolution
		{2497B547-06C0-4ADD-8F53-6A15D823A965}.Debug|Any CPU.ActiveCfg = Debug|Any CPU
		{2497B547-06C0-4ADD-8F53-6A15D823A965}.Debug|Any CPU.Build.0 = Debug|Any CPU
		{2497B547-06C0-4ADD-8F53-6A15D823A965}.Release|Any CPU.ActiveCfg = Release|Any CPU
		{2497B547-06C0-4ADD-8F53-6A15D823A965}.Release|Any CPU.Build.0 = Release|Any CPU
		{1E609012-305B-40BA-B1AA-4561F49493F5}.Debug|Any CPU.ActiveCfg = Debug|Any CPU
		{1E609012-305B-40BA-B1AA-4561F49493F5}.Debug|Any CPU.Build.0 = Debug|Any CPU
		{1E609012-305B-40BA-B1AA-4561F49493F5}.Release|Any CPU.ActiveCfg = Release|Any CPU
		{1E609012-305B-40BA-B1AA-4561F49493F5}.Release|Any CPU.Build.0 = Release|Any CPU
		{1A60A870-90B1-4C96-92D7-D0CACBE0729D}.Debug|Any CPU.ActiveCfg = Debug|Any CPU
		{1A60A870-90B1-4C96-92D7-D0CACBE0729D}.Debug|Any CPU.Build.0 = Debug|Any CPU
		{1A60A870-90B1-4C96-92D7-D0CACBE0729D}.Release|Any CPU.ActiveCfg = Release|Any CPU
		{1A60A870-90B1-4C96-92D7-D0CACBE0729D}.Release|Any CPU.Build.0 = Release|Any CPU
	EndGlobalSection
	GlobalSection(SolutionProperties) = preSolution
		HideSolutionNode = FALSE
	EndGlobalSection
	GlobalSection(ExtensibilityGlobals) = postSolution
		SolutionGuid = {E2218B65-8A0B-4A6E-883D-3E27908DA681}
	EndGlobalSection
EndGlobal
